{
  "object": {
    "pins": [
      {
        "package": "CommandLineKit",
        "repositoryURL": "/Developer/CommandLineKit",
        "state": {
          "branch": "master",
          "revision": "54c4233928638f19f73725fc789b73ec9e932c4e",
          "version": null
        }
      },
      {
        "package": "FoundationKit",
        "repositoryURL": "/Developer/FoundationKit",
        "state": {
          "branch": "master",
          "revision": "fbd1ec4deaa9ed910cf937e2860a26c6d774d233",
          "version": null
        }
      },
      {
        "package": "LoggerKit",
        "repositoryURL": "/Developer/LoggerKit",
        "state": {
          "branch": "master",
          "revision": "1b98dc2beb96eaa595a6bd39d64e09e772a2ddf0",
          "version": null
        }
      },
      {
        "package": "MaxPNG",
        "repositoryURL": "https://github.com/kelvin13/maxpng.git",
        "state": {
          "branch": "master",
          "revision": "4b2570533ed9c403cc31950438e7336932d5d083",
          "version": null
        }
      }
    ]
  },
  "version": 1
}
